github.com/AndreRenaud/gore v0.0.0-20260413081714-8cf61e239e98 h1:DTbs+KiPUMyNQHGUNw8fAWHF/kCMp9fBnKHjXuFeMbY=
github.com/AndreRenaud/gore v0.0.0-20260413081714-8cf61e239e98/go.mod h1:uCXovfcR1SySGAiv5emvO9XIzVz69Xc13gp2ld892Q8=
github.com/ebitengine/oto/v3 v3.4.0 h1:br0PgASsEWaoWn38b2Goe7m1GKFYfNgnsjSd5Gg+/bQ=
github.com/ebitengine/oto/v3 v3.4.0/go.mod h1:IOleLVD0m+CMak3mRVwsYY8vTctQgOM0iiL6S7Ar7eI=
github.com/ebitengine/purego v0.10.0 h1:QIw4xfpWT6GWTzaW5XEKy3HXoqrJGx1ijYHzTF0/ISU=
github.com/ebitengine/purego v0.10.0/go.mod h1:iIjxzd6CiRiOG0UyXP+V1+jWqUXVjPKLAI0mRfJZTmQ=
github.com/gordonklaus/portaudio v0.0.0-20260203164431-765aa7dfa631 h1:8TBHztmhDfAAg34yddptshinXBtDQwgKGlMfdtSFETw=
github.com/gordonklaus/portaudio v0.0.0-20260203164431-765aa7dfa631/go.mod h1:esZFQEUwqC+l76f2R8bIWSwXMaPbp79PppwZ1eJhFco=
github.com/olegfedoseev/image-diff v0.0.0-20171116094004-897a4e73dfd6 h1:a/kynVgbdXJQDq3WWTgwL0bHyg4hu4/oIK9UB+Ugvfo=
github.com/olegfedoseev/image-diff v0.0.0-20171116094004-897a4e73dfd6/go.mod h1:OgMVaRcJ1TgmPHB/MF2YaHOzRxmw6vVG/DquoMhkCiY=
github.com/sinshu/go-meltysynth v0.0.0-20230205031334-05d311382fc4 h1:VgeknFh4pciKVtwtjn9tZtItvV20x/+10NnUXKfyW6s=
github.com/sinshu/go-meltysynth v0.0.0-20230205031334-05d311382fc4/go.mod h1:Afi/YpLztHvWSbiLFi6RgtxLLwmIiRmd/q7f3Ymed2g=
golang.org/x/image v0.40.0 h1:Tw4GyDXMo+daZN1znreBRC3VayR1aLFUyUEOLUdW1a8=
golang.org/x/image v0.40.0/go.mod h1:uIc348UZMSvS5Z65CVZ7iDPaNobNFEPeJ4kbqTOszmA=
golang.org/x/sys v0.43.0 h1:Rlag2XtaFTxp19wS8MXlJwTvoh8ArU6ezoyFsMyCTNI=
golang.org/x/sys v0.43.0/go.mod h1:4GL1E5IUh+htKOUEOaiffhrAeqysfVGipDYzABqnCmw=
golang.org/x/term v0.42.0 h1:UiKe+zDFmJobeJ5ggPwOshJIVt6/Ft0rcfrXZDLWAWY=
golang.org/x/term v0.42.0/go.mod h1:Dq/D+snpsbazcBG5+F9Q1n2rXV8Ma+71xEjTRufARgY=
